
Microsoft Visual Studio Solution File, Format Version 12.00
# Visual Studio 2015
Project("{FAE04EC0-301F-11D3-BF4B-00C04F79EFBC}") = "MiniGames", "MiniGames.csproj", "{1E1BC21F-5170-817A-F121-1C79E5F240D8}"
EndProject
Global
	GlobalSection(SolutionConfigurationPlatforms) = preSolution
		Debug|Any CPU = Debug|Any CPU
		Release|Any CPU = Release|Any CPU
	EndGlobalSection
	GlobalSection(ProjectConfigurationPlatforms) = postSolution
		{1E1BC21F-5170-817A-F121-1C79E5F240D8}.Debug|Any CPU.ActiveCfg = Debug|Any CPU
		{1E1BC21F-5170-817A-F121-1C79E5F240D8}.Debug|Any CPU.Build.0 = Debug|Any CPU
		{1E1BC21F-5170-817A-F121-1C79E5F240D8}.Release|Any CPU.ActiveCfg = Release|Any CPU
		{1E1BC21F-5170-817A-F121-1C79E5F240D8}.Release|Any CPU.Build.0 = Release|Any CPU
	EndGlobalSection
	GlobalSection(SolutionProperties) = preSolution
		HideSolutionNode = FALSE
	EndGlobalSection
EndGlobal
